{
  "name": "Skinet",
  "lockfileVersion": 3,
  "requires": true,
  "packages": {
    "": {
      "dependencies": {
        "rest-api-helper": "^0.1.64"
      }
    },
    "node_modules/rest-api-helper": {
      "version": "0.1.64",
      "resolved": "https://registry.npmjs.org/rest-api-helper/-/rest-api-helper-0.1.64.tgz",
      "integrity": "sha512-LXuqpNyRG42k9wEV/rMkQeIIH9LBcg2kWvvPhBQbhMTgM0TjGS2A1dHX2BIDfYaMeisGVIyp6mVbCWz//Ibo4Q=="
    }
  }
}
