
Microsoft Visual Studio Solution File, Format Version 12.00
# Visual Studio Version 17
VisualStudioVersion = 17.0.31903.59
MinimumVisualStudioVersion = 10.0.40219.1
Project("{FAE04EC0-301F-11D3-BF4B-00C04F79EFBC}") = "API", "API\API.csproj", "{AC345F41-5882-435C-BFA4-DA8EA10D47D4}"
EndProject
Project("{FAE04EC0-301F-11D3-BF4B-00C04F79EFBC}") = "Core", "Core\Core.csproj", "{5A35EA4B-84A9-4F7B-B291-EB84F85DEAA3}"
EndProject
Project("{FAE04EC0-301F-11D3-BF4B-00C04F79EFBC}") = "Infrastructure", "Infrastructure\Infrastructure.csproj", "{47AED756-D343-48F9-80A8-07A994A8A97A}"
EndProject
Global
	GlobalSection(SolutionConfigurationPlatforms) = preSolution
		Debug|Any CPU = Debug|Any CPU
		Release|Any CPU = Release|Any CPU
	EndGlobalSection
	GlobalSection(SolutionProperties) = preSolution
		HideSolutionNode = FALSE
	EndGlobalSection
	GlobalSection(ProjectConfigurationPlatforms) = postSolution
		{AC345F41-5882-435C-BFA4-DA8EA10D47D4}.Debug|Any CPU.ActiveCfg = Debug|Any CPU
		{AC345F41-5882-435C-BFA4-DA8EA10D47D4}.Debug|Any CPU.Build.0 = Debug|Any CPU
		{AC345F41-5882-435C-BFA4-DA8EA10D47D4}.Release|Any CPU.ActiveCfg = Release|Any CPU
		{AC345F41-5882-435C-BFA4-DA8EA10D47D4}.Release|Any CPU.Build.0 = Release|Any CPU
		{5A35EA4B-84A9-4F7B-B291-EB84F85DEAA3}.Debug|Any CPU.ActiveCfg = Debug|Any CPU
		{5A35EA4B-84A9-4F7B-B291-EB84F85DEAA3}.Debug|Any CPU.Build.0 = Debug|Any CPU
		{5A35EA4B-84A9-4F7B-B291-EB84F85DEAA3}.Release|Any CPU.ActiveCfg = Release|Any CPU
		{5A35EA4B-84A9-4F7B-B291-EB84F85DEAA3}.Release|Any CPU.Build.0 = Release|Any CPU
		{47AED756-D343-48F9-80A8-07A994A8A97A}.Debug|Any CPU.ActiveCfg = Debug|Any CPU
		{47AED756-D343-48F9-80A8-07A994A8A97A}.Debug|Any CPU.Build.0 = Debug|Any CPU
		{47AED756-D343-48F9-80A8-07A994A8A97A}.Release|Any CPU.ActiveCfg = Release|Any CPU
		{47AED756-D343-48F9-80A8-07A994A8A97A}.Release|Any CPU.Build.0 = Release|Any CPU
	EndGlobalSection
EndGlobal
